
Microsoft Visual Studio Solution File, Format Version 12.00
# Visual Studio 15
VisualStudioVersion = 15.0.26124.0
MinimumVisualStudioVersion = 15.0.26124.0
Project("{2150E333-8FDC-42A3-9474-1A3956D46DE8}") = "SNP-CMS.Api", "SNP-CMS.Api", "{EA95EE9B-98D1-47DF-918E-9637F1621CAE}"
EndProject
Project("{2150E333-8FDC-42A3-9474-1A3956D46DE8}") = "src", "src", "{04D57F92-65EE-4F3B-9ACC-2D97E5162157}"
EndProject
Project("{2150E333-8FDC-42A3-9474-1A3956D46DE8}") = "SNP-CMS.Common", "SNP-CMS.Common", "{B9E5D59C-1F02-4116-A375-6097539231A8}"
EndProject
Project("{2150E333-8FDC-42A3-9474-1A3956D46DE8}") = "src", "src", "{5BA96496-5D7B-4C23-9072-BA5A03843183}"
EndProject
Project("{2150E333-8FDC-42A3-9474-1A3956D46DE8}") = "SNP-CMS.Services.Customers", "SNP-CMS.Services.Customers", "{1862980A-BFFE-4A1D-92EE-C894B99C4CD6}"
EndProject
Project("{2150E333-8FDC-42A3-9474-1A3956D46DE8}") = "src", "src", "{D6EE7061-4488-4B59-9C91-0F2770766C57}"
EndProject
Project("{2150E333-8FDC-42A3-9474-1A3956D46DE8}") = "tests", "tests", "{1FE89247-4827-49B3-B0C5-5881C62871AA}"
EndProject
Project("{2150E333-8FDC-42A3-9474-1A3956D46DE8}") = "SNP-CMS.Services.Identity", "SNP-CMS.Services.Identity", "{9730F511-F456-4725-A342-1FA13A64805B}"
EndProject
Project("{2150E333-8FDC-42A3-9474-1A3956D46DE8}") = "src", "src", "{46886F99-F280-413B-A48F-87238A7A80F6}"
EndProject
Project("{2150E333-8FDC-42A3-9474-1A3956D46DE8}") = "tests", "tests", "{588BF896-900C-4467-A537-C3BA86C611E1}"
EndProject
Project("{2150E333-8FDC-42A3-9474-1A3956D46DE8}") = "SNP-CMS.Services.Notifications", "SNP-CMS.Services.Notifications", "{A4007108-EDC5-4342-9B2B-3326BD56A115}"
EndProject
Project("{2150E333-8FDC-42A3-9474-1A3956D46DE8}") = "src", "src", "{804887A0-3D59-4146-8E82-3CBFC1DD8BFF}"
EndProject
Project("{2150E333-8FDC-42A3-9474-1A3956D46DE8}") = "tests", "tests", "{008ABFFE-6B27-4AAE-A8B3-F00CBCEEB5F5}"
EndProject
Project("{FAE04EC0-301F-11D3-BF4B-00C04F79EFBC}") = "SNP.CMS.Services.Notifications.Tests", "SNP-CMS.Services.Notifications\tests\SNP.CMS.Services.Notifications.Tests\SNP.CMS.Services.Notifications.Tests.csproj", "{B5E388F7-9E45-4E96-9AAF-2AD10E1D2DF3}"
EndProject
Project("{2150E333-8FDC-42A3-9474-1A3956D46DE8}") = "SNP-CMS.Services.Operations", "SNP-CMS.Services.Operations", "{85F0F37D-1E44-4630-B55F-0C86CEE6E319}"
EndProject
Project("{2150E333-8FDC-42A3-9474-1A3956D46DE8}") = "src", "src", "{44E39C45-E2F3-4673-BB4C-05295DB18F79}"
EndProject
Project("{2150E333-8FDC-42A3-9474-1A3956D46DE8}") = "tests", "tests", "{842339E3-26D4-4CA1-922A-D0AB43FEDC52}"
EndProject
Project("{FAE04EC0-301F-11D3-BF4B-00C04F79EFBC}") = "SNP.CMS.Services.Operations.Tests", "SNP-CMS.Services.Operations\tests\SNP.CMS.Services.Operations.Tests\SNP.CMS.Services.Operations.Tests.csproj", "{9CAE9B62-9219-4DA7-BEC5-2BE0D4F9CCD7}"
EndProject
Project("{2150E333-8FDC-42A3-9474-1A3956D46DE8}") = "SNP-CMS.Services.Orders", "SNP-CMS.Services.Orders", "{08D38FCF-E54B-4FE0-8A51-06F174DCFB13}"
EndProject
Project("{2150E333-8FDC-42A3-9474-1A3956D46DE8}") = "src", "src", "{ED3D4FF6-4F8E-4B10-AF7B-C5FBAFE07AA3}"
EndProject
Project("{2150E333-8FDC-42A3-9474-1A3956D46DE8}") = "tests", "tests", "{4E635A82-1711-4031-907D-00BC5D1E16AD}"
EndProject
Project("{FAE04EC0-301F-11D3-BF4B-00C04F79EFBC}") = "SNP.CMS.Services.Orders.Tests", "SNP-CMS.Services.Orders\tests\SNP.CMS.Services.Orders.Tests\SNP.CMS.Services.Orders.Tests.csproj", "{3BCE91C4-65DD-4417-9948-E89605AE830D}"
EndProject
Project("{2150E333-8FDC-42A3-9474-1A3956D46DE8}") = "SNP-CMS.Services.Products", "SNP-CMS.Services.Products", "{CD4A9922-0D5B-4699-9DED-CF8756F68D1F}"
EndProject
Project("{2150E333-8FDC-42A3-9474-1A3956D46DE8}") = "src", "src", "{BE343076-0656-4C6D-8F51-E579E30B8F84}"
EndProject
Project("{2150E333-8FDC-42A3-9474-1A3956D46DE8}") = "tests", "tests", "{A8E2CBA5-DFD2-4095-A805-AA889E1B71A9}"
EndProject
Project("{FAE04EC0-301F-11D3-BF4B-00C04F79EFBC}") = "SNP.CMS.Services.Products.Tests", "SNP-CMS.Services.Products\tests\SNP.CMS.Services.Products.Tests\SNP.CMS.Services.Products.Tests.csproj", "{3F0F4165-CF26-4934-8164-0C680ECC8604}"
EndProject
Project("{2150E333-8FDC-42A3-9474-1A3956D46DE8}") = "SNP-CMS.Services.Signalr", "SNP-CMS.Services.Signalr", "{EF2D785D-F9E1-4460-9DF2-1EB5D9F1DB04}"
EndProject
Project("{2150E333-8FDC-42A3-9474-1A3956D46DE8}") = "src", "src", "{0FC6E53F-56F8-4301-84F1-BE1906E2A8F8}"
EndProject
Project("{2150E333-8FDC-42A3-9474-1A3956D46DE8}") = "tests", "tests", "{9F474849-C0BE-428B-B0E7-556659665103}"
EndProject
Project("{2150E333-8FDC-42A3-9474-1A3956D46DE8}") = "SNP-CMS.Api.Next", "SNP-CMS.Api.Next", "{379ACE0C-3C20-45DA-8E3A-C15B7995B902}"
EndProject
Project("{2150E333-8FDC-42A3-9474-1A3956D46DE8}") = "src", "src", "{DA686EF8-FB6C-4ECE-8967-3400733F743A}"
EndProject
Project("{9A19103F-16F7-4668-BE54-9A1E7A4F7556}") = "SNP.CMS.Services.Signalr", "..\SNP-CMS.Services.Signalr\src\SNP.CMS.Services.Signalr\SNP.CMS.Services.Signalr.csproj", "{199F6D98-8AE2-46D2-A03D-3A96256D13D3}"
EndProject
Project("{9A19103F-16F7-4668-BE54-9A1E7A4F7556}") = "SNP.CMS.Services.Products", "..\SNP-CMS.Services.Products\src\SNP.CMS.Services.Products\SNP.CMS.Services.Products.csproj", "{3708C523-5099-42AA-848B-1FF76BC0FA7C}"
EndProject
Project("{9A19103F-16F7-4668-BE54-9A1E7A4F7556}") = "SNP.CMS.Services.Orders", "..\SNP-CMS.Services.Orders\src\SNP.CMS.Services.Orders\SNP.CMS.Services.Orders.csproj", "{E59A80A7-5A06-4E56-95C1-6ED539478FEE}"
EndProject
Project("{9A19103F-16F7-4668-BE54-9A1E7A4F7556}") = "SNP.CMS.Services.Operations", "..\SNP-CMS.Services.Operations\src\SNP.CMS.Services.Operations\SNP.CMS.Services.Operations.csproj", "{F77F8BC4-0067-4B7A-A32A-65DDA3A7259D}"
EndProject
Project("{9A19103F-16F7-4668-BE54-9A1E7A4F7556}") = "SNP.CMS.Services.Notifications", "..\SNP-CMS.Services.Notifications\src\SNP.CMS.Services.Notifications\SNP.CMS.Services.Notifications.csproj", "{7EC206E2-BDE9-442D-8D18-B8E8F374666B}"
EndProject
Project("{9A19103F-16F7-4668-BE54-9A1E7A4F7556}") = "SNP.CMS.Services.Identity", "..\SNP-CMS.Services.Identity\src\SNP.CMS.Services.Identity\SNP.CMS.Services.Identity.csproj", "{4206B2F0-DCFB-408F-BDC4-AE2ADFE398F9}"
EndProject
Project("{9A19103F-16F7-4668-BE54-9A1E7A4F7556}") = "SNP.CMS.Services.Customers", "..\SNP-CMS.Services.Customers\src\SNP.CMS.Services.Customers\SNP.CMS.Services.Customers.csproj", "{F9574766-8526-4ADD-8670-F43D505575F3}"
EndProject
Project("{9A19103F-16F7-4668-BE54-9A1E7A4F7556}") = "SNP.CMS.Common", "..\SNP-CMS.Common\src\SNP.CMS.Common\SNP.CMS.Common.csproj", "{041E6DE4-46EC-4038-A054-0A810DA3DFE8}"
EndProject
Project("{9A19103F-16F7-4668-BE54-9A1E7A4F7556}") = "SNP.CMS.Api.Next", "..\SNP-CMS.Api.Next\src\SNP.CMS.Api.Next\SNP.CMS.Api.Next.csproj", "{7C3874C1-15E5-4157-9930-C55C56016797}"
EndProject
Project("{9A19103F-16F7-4668-BE54-9A1E7A4F7556}") = "SNP.CMS.Api", "..\SNP-CMS.Api\src\SNP.CMS.Api\SNP.CMS.Api.csproj", "{51B6B8C8-3F1D-4572-BF95-701B3A395BDC}"
EndProject
Project("{2150E333-8FDC-42A3-9474-1A3956D46DE8}") = "SNP-CMS.Services.Discounts", "SNP-CMS.Services.Discounts", "{5373242C-5F6A-4C53-A066-92D07D0994FC}"
EndProject
Project("{2150E333-8FDC-42A3-9474-1A3956D46DE8}") = "src", "src", "{051A87AD-7A92-411C-A304-DD42D64EFB16}"
EndProject
Project("{9A19103F-16F7-4668-BE54-9A1E7A4F7556}") = "SNP.CMS.Services.Discounts", "..\SNP-CMS.Services.Discounts\src\SNP.CMS.Services.Discounts\SNP.CMS.Services.Discounts.csproj", "{084A897B-C4E4-451A-ACBB-346FBA3CD639}"
EndProject
Global
	GlobalSection(SolutionConfigurationPlatforms) = preSolution
		Debug|Any CPU = Debug|Any CPU
		Debug|x64 = Debug|x64
		Debug|x86 = Debug|x86
		Release|Any CPU = Release|Any CPU
		Release|x64 = Release|x64
		Release|x86 = Release|x86
	EndGlobalSection
	GlobalSection(ProjectConfigurationPlatforms) = postSolution
		{B5E388F7-9E45-4E96-9AAF-2AD10E1D2DF3}.Debug|Any CPU.ActiveCfg = Debug|Any CPU
		{B5E388F7-9E45-4E96-9AAF-2AD10E1D2DF3}.Debug|Any CPU.Build.0 = Debug|Any CPU
		{B5E388F7-9E45-4E96-9AAF-2AD10E1D2DF3}.Debug|x64.ActiveCfg = Debug|Any CPU
		{B5E388F7-9E45-4E96-9AAF-2AD10E1D2DF3}.Debug|x64.Build.0 = Debug|Any CPU
		{B5E388F7-9E45-4E96-9AAF-2AD10E1D2DF3}.Debug|x86.ActiveCfg = Debug|Any CPU
		{B5E388F7-9E45-4E96-9AAF-2AD10E1D2DF3}.Debug|x86.Build.0 = Debug|Any CPU
		{B5E388F7-9E45-4E96-9AAF-2AD10E1D2DF3}.Release|Any CPU.ActiveCfg = Release|Any CPU
		{B5E388F7-9E45-4E96-9AAF-2AD10E1D2DF3}.Release|Any CPU.Build.0 = Release|Any CPU
		{B5E388F7-9E45-4E96-9AAF-2AD10E1D2DF3}.Release|x64.ActiveCfg = Release|Any CPU
		{B5E388F7-9E45-4E96-9AAF-2AD10E1D2DF3}.Release|x64.Build.0 = Release|Any CPU
		{B5E388F7-9E45-4E96-9AAF-2AD10E1D2DF3}.Release|x86.ActiveCfg = Release|Any CPU
		{B5E388F7-9E45-4E96-9AAF-2AD10E1D2DF3}.Release|x86.Build.0 = Release|Any CPU
		{9CAE9B62-9219-4DA7-BEC5-2BE0D4F9CCD7}.Debug|Any CPU.ActiveCfg = Debug|Any CPU
		{9CAE9B62-9219-4DA7-BEC5-2BE0D4F9CCD7}.Debug|Any CPU.Build.0 = Debug|Any CPU
		{9CAE9B62-9219-4DA7-BEC5-2BE0D4F9CCD7}.Debug|x64.ActiveCfg = Debug|Any CPU
		{9CAE9B62-9219-4DA7-BEC5-2BE0D4F9CCD7}.Debug|x64.Build.0 = Debug|Any CPU
		{9CAE9B62-9219-4DA7-BEC5-2BE0D4F9CCD7}.Debug|x86.ActiveCfg = Debug|Any CPU
		{9CAE9B62-9219-4DA7-BEC5-2BE0D4F9CCD7}.Debug|x86.Build.0 = Debug|Any CPU
		{9CAE9B62-9219-4DA7-BEC5-2BE0D4F9CCD7}.Release|Any CPU.ActiveCfg = Release|Any CPU
		{9CAE9B62-9219-4DA7-BEC5-2BE0D4F9CCD7}.Release|Any CPU.Build.0 = Release|Any CPU
		{9CAE9B62-9219-4DA7-BEC5-2BE0D4F9CCD7}.Release|x64.ActiveCfg = Release|Any CPU
		{9CAE9B62-9219-4DA7-BEC5-2BE0D4F9CCD7}.Release|x64.Build.0 = Release|Any CPU
		{9CAE9B62-9219-4DA7-BEC5-2BE0D4F9CCD7}.Release|x86.ActiveCfg = Release|Any CPU
		{9CAE9B62-9219-4DA7-BEC5-2BE0D4F9CCD7}.Release|x86.Build.0 = Release|Any CPU
		{3BCE91C4-65DD-4417-9948-E89605AE830D}.Debug|Any CPU.ActiveCfg = Debug|Any CPU
		{3BCE91C4-65DD-4417-9948-E89605AE830D}.Debug|Any CPU.Build.0 = Debug|Any CPU
		{3BCE91C4-65DD-4417-9948-E89605AE830D}.Debug|x64.ActiveCfg = Debug|Any CPU
		{3BCE91C4-65DD-4417-9948-E89605AE830D}.Debug|x64.Build.0 = Debug|Any CPU
		{3BCE91C4-65DD-4417-9948-E89605AE830D}.Debug|x86.ActiveCfg = Debug|Any CPU
		{3BCE91C4-65DD-4417-9948-E89605AE830D}.Debug|x86.Build.0 = Debug|Any CPU
		{3BCE91C4-65DD-4417-9948-E89605AE830D}.Release|Any CPU.ActiveCfg = Release|Any CPU
		{3BCE91C4-65DD-4417-9948-E89605AE830D}.Release|Any CPU.Build.0 = Release|Any CPU
		{3BCE91C4-65DD-4417-9948-E89605AE830D}.Release|x64.ActiveCfg = Release|Any CPU
		{3BCE91C4-65DD-4417-9948-E89605AE830D}.Release|x64.Build.0 = Release|Any CPU
		{3BCE91C4-65DD-4417-9948-E89605AE830D}.Release|x86.ActiveCfg = Release|Any CPU
		{3BCE91C4-65DD-4417-9948-E89605AE830D}.Release|x86.Build.0 = Release|Any CPU
		{3F0F4165-CF26-4934-8164-0C680ECC8604}.Debug|Any CPU.ActiveCfg = Debug|Any CPU
		{3F0F4165-CF26-4934-8164-0C680ECC8604}.Debug|Any CPU.Build.0 = Debug|Any CPU
		{3F0F4165-CF26-4934-8164-0C680ECC8604}.Debug|x64.ActiveCfg = Debug|Any CPU
		{3F0F4165-CF26-4934-8164-0C680ECC8604}.Debug|x64.Build.0 = Debug|Any CPU
		{3F0F4165-CF26-4934-8164-0C680ECC8604}.Debug|x86.ActiveCfg = Debug|Any CPU
		{3F0F4165-CF26-4934-8164-0C680ECC8604}.Debug|x86.Build.0 = Debug|Any CPU
		{3F0F4165-CF26-4934-8164-0C680ECC8604}.Release|Any CPU.ActiveCfg = Release|Any CPU
		{3F0F4165-CF26-4934-8164-0C680ECC8604}.Release|Any CPU.Build.0 = Release|Any CPU
		{3F0F4165-CF26-4934-8164-0C680ECC8604}.Release|x64.ActiveCfg = Release|Any CPU
		{3F0F4165-CF26-4934-8164-0C680ECC8604}.Release|x64.Build.0 = Release|Any CPU
		{3F0F4165-CF26-4934-8164-0C680ECC8604}.Release|x86.ActiveCfg = Release|Any CPU
		{3F0F4165-CF26-4934-8164-0C680ECC8604}.Release|x86.Build.0 = Release|Any CPU
		{199F6D98-8AE2-46D2-A03D-3A96256D13D3}.Debug|Any CPU.ActiveCfg = Debug|Any CPU
		{199F6D98-8AE2-46D2-A03D-3A96256D13D3}.Debug|Any CPU.Build.0 = Debug|Any CPU
		{199F6D98-8AE2-46D2-A03D-3A96256D13D3}.Debug|x64.ActiveCfg = Debug|Any CPU
		{199F6D98-8AE2-46D2-A03D-3A96256D13D3}.Debug|x64.Build.0 = Debug|Any CPU
		{199F6D98-8AE2-46D2-A03D-3A96256D13D3}.Debug|x86.ActiveCfg = Debug|Any CPU
		{199F6D98-8AE2-46D2-A03D-3A96256D13D3}.Debug|x86.Build.0 = Debug|Any CPU
		{199F6D98-8AE2-46D2-A03D-3A96256D13D3}.Release|Any CPU.ActiveCfg = Release|Any CPU
		{199F6D98-8AE2-46D2-A03D-3A96256D13D3}.Release|Any CPU.Build.0 = Release|Any CPU
		{199F6D98-8AE2-46D2-A03D-3A96256D13D3}.Release|x64.ActiveCfg = Release|Any CPU
		{199F6D98-8AE2-46D2-A03D-3A96256D13D3}.Release|x64.Build.0 = Release|Any CPU
		{199F6D98-8AE2-46D2-A03D-3A96256D13D3}.Release|x86.ActiveCfg = Release|Any CPU
		{199F6D98-8AE2-46D2-A03D-3A96256D13D3}.Release|x86.Build.0 = Release|Any CPU
		{3708C523-5099-42AA-848B-1FF76BC0FA7C}.Debug|Any CPU.ActiveCfg = Debug|Any CPU
		{3708C523-5099-42AA-848B-1FF76BC0FA7C}.Debug|Any CPU.Build.0 = Debug|Any CPU
		{3708C523-5099-42AA-848B-1FF76BC0FA7C}.Debug|x64.ActiveCfg = Debug|Any CPU
		{3708C523-5099-42AA-848B-1FF76BC0FA7C}.Debug|x64.Build.0 = Debug|Any CPU
		{3708C523-5099-42AA-848B-1FF76BC0FA7C}.Debug|x86.ActiveCfg = Debug|Any CPU
		{3708C523-5099-42AA-848B-1FF76BC0FA7C}.Debug|x86.Build.0 = Debug|Any CPU
		{3708C523-5099-42AA-848B-1FF76BC0FA7C}.Release|Any CPU.ActiveCfg = Release|Any CPU
		{3708C523-5099-42AA-848B-1FF76BC0FA7C}.Release|Any CPU.Build.0 = Release|Any CPU
		{3708C523-5099-42AA-848B-1FF76BC0FA7C}.Release|x64.ActiveCfg = Release|Any CPU
		{3708C523-5099-42AA-848B-1FF76BC0FA7C}.Release|x64.Build.0 = Release|Any CPU
		{3708C523-5099-42AA-848B-1FF76BC0FA7C}.Release|x86.ActiveCfg = Release|Any CPU
		{3708C523-5099-42AA-848B-1FF76BC0FA7C}.Release|x86.Build.0 = Release|Any CPU
		{E59A80A7-5A06-4E56-95C1-6ED539478FEE}.Debug|Any CPU.ActiveCfg = Debug|Any CPU
		{E59A80A7-5A06-4E56-95C1-6ED539478FEE}.Debug|Any CPU.Build.0 = Debug|Any CPU
		{E59A80A7-5A06-4E56-95C1-6ED539478FEE}.Debug|x64.ActiveCfg = Debug|Any CPU
		{E59A80A7-5A06-4E56-95C1-6ED539478FEE}.Debug|x64.Build.0 = Debug|Any CPU
		{E59A80A7-5A06-4E56-95C1-6ED539478FEE}.Debug|x86.ActiveCfg = Debug|Any CPU
		{E59A80A7-5A06-4E56-95C1-6ED539478FEE}.Debug|x86.Build.0 = Debug|Any CPU
		{E59A80A7-5A06-4E56-95C1-6ED539478FEE}.Release|Any CPU.ActiveCfg = Release|Any CPU
		{E59A80A7-5A06-4E56-95C1-6ED539478FEE}.Release|Any CPU.Build.0 = Release|Any CPU
		{E59A80A7-5A06-4E56-95C1-6ED539478FEE}.Release|x64.ActiveCfg = Release|Any CPU
		{E59A80A7-5A06-4E56-95C1-6ED539478FEE}.Release|x64.Build.0 = Release|Any CPU
		{E59A80A7-5A06-4E56-95C1-6ED539478FEE}.Release|x86.ActiveCfg = Release|Any CPU
		{E59A80A7-5A06-4E56-95C1-6ED539478FEE}.Release|x86.Build.0 = Release|Any CPU
		{F77F8BC4-0067-4B7A-A32A-65DDA3A7259D}.Debug|Any CPU.ActiveCfg = Debug|Any CPU
		{F77F8BC4-0067-4B7A-A32A-65DDA3A7259D}.Debug|Any CPU.Build.0 = Debug|Any CPU
		{F77F8BC4-0067-4B7A-A32A-65DDA3A7259D}.Debug|x64.ActiveCfg = Debug|Any CPU
		{F77F8BC4-0067-4B7A-A32A-65DDA3A7259D}.Debug|x64.Build.0 = Debug|Any CPU
		{F77F8BC4-0067-4B7A-A32A-65DDA3A7259D}.Debug|x86.ActiveCfg = Debug|Any CPU
		{F77F8BC4-0067-4B7A-A32A-65DDA3A7259D}.Debug|x86.Build.0 = Debug|Any CPU
		{F77F8BC4-0067-4B7A-A32A-65DDA3A7259D}.Release|Any CPU.ActiveCfg = Release|Any CPU
		{F77F8BC4-0067-4B7A-A32A-65DDA3A7259D}.Release|Any CPU.Build.0 = Release|Any CPU
		{F77F8BC4-0067-4B7A-A32A-65DDA3A7259D}.Release|x64.ActiveCfg = Release|Any CPU
		{F77F8BC4-0067-4B7A-A32A-65DDA3A7259D}.Release|x64.Build.0 = Release|Any CPU
		{F77F8BC4-0067-4B7A-A32A-65DDA3A7259D}.Release|x86.ActiveCfg = Release|Any CPU
		{F77F8BC4-0067-4B7A-A32A-65DDA3A7259D}.Release|x86.Build.0 = Release|Any CPU
		{7EC206E2-BDE9-442D-8D18-B8E8F374666B}.Debug|Any CPU.ActiveCfg = Debug|Any CPU
		{7EC206E2-BDE9-442D-8D18-B8E8F374666B}.Debug|Any CPU.Build.0 = Debug|Any CPU
		{7EC206E2-BDE9-442D-8D18-B8E8F374666B}.Debug|x64.ActiveCfg = Debug|Any CPU
		{7EC206E2-BDE9-442D-8D18-B8E8F374666B}.Debug|x64.Build.0 = Debug|Any CPU
		{7EC206E2-BDE9-442D-8D18-B8E8F374666B}.Debug|x86.ActiveCfg = Debug|Any CPU
		{7EC206E2-BDE9-442D-8D18-B8E8F374666B}.Debug|x86.Build.0 = Debug|Any CPU
		{7EC206E2-BDE9-442D-8D18-B8E8F374666B}.Release|Any CPU.ActiveCfg = Release|Any CPU
		{7EC206E2-BDE9-442D-8D18-B8E8F374666B}.Release|Any CPU.Build.0 = Release|Any CPU
		{7EC206E2-BDE9-442D-8D18-B8E8F374666B}.Release|x64.ActiveCfg = Release|Any CPU
		{7EC206E2-BDE9-442D-8D18-B8E8F374666B}.Release|x64.Build.0 = Release|Any CPU
		{7EC206E2-BDE9-442D-8D18-B8E8F374666B}.Release|x86.ActiveCfg = Release|Any CPU
		{7EC206E2-BDE9-442D-8D18-B8E8F374666B}.Release|x86.Build.0 = Release|Any CPU
		{4206B2F0-DCFB-408F-BDC4-AE2ADFE398F9}.Debug|Any CPU.ActiveCfg = Debug|Any CPU
		{4206B2F0-DCFB-408F-BDC4-AE2ADFE398F9}.Debug|Any CPU.Build.0 = Debug|Any CPU
		{4206B2F0-DCFB-408F-BDC4-AE2ADFE398F9}.Debug|x64.ActiveCfg = Debug|Any CPU
		{4206B2F0-DCFB-408F-BDC4-AE2ADFE398F9}.Debug|x64.Build.0 = Debug|Any CPU
		{4206B2F0-DCFB-408F-BDC4-AE2ADFE398F9}.Debug|x86.ActiveCfg = Debug|Any CPU
		{4206B2F0-DCFB-408F-BDC4-AE2ADFE398F9}.Debug|x86.Build.0 = Debug|Any CPU
		{4206B2F0-DCFB-408F-BDC4-AE2ADFE398F9}.Release|Any CPU.ActiveCfg = Release|Any CPU
		{4206B2F0-DCFB-408F-BDC4-AE2ADFE398F9}.Release|Any CPU.Build.0 = Release|Any CPU
		{4206B2F0-DCFB-408F-BDC4-AE2ADFE398F9}.Release|x64.ActiveCfg = Release|Any CPU
		{4206B2F0-DCFB-408F-BDC4-AE2ADFE398F9}.Release|x64.Build.0 = Release|Any CPU
		{4206B2F0-DCFB-408F-BDC4-AE2ADFE398F9}.Release|x86.ActiveCfg = Release|Any CPU
		{4206B2F0-DCFB-408F-BDC4-AE2ADFE398F9}.Release|x86.Build.0 = Release|Any CPU
		{F9574766-8526-4ADD-8670-F43D505575F3}.Debug|Any CPU.ActiveCfg = Debug|Any CPU
		{F9574766-8526-4ADD-8670-F43D505575F3}.Debug|Any CPU.Build.0 = Debug|Any CPU
		{F9574766-8526-4ADD-8670-F43D505575F3}.Debug|x64.ActiveCfg = Debug|Any CPU
		{F9574766-8526-4ADD-8670-F43D505575F3}.Debug|x64.Build.0 = Debug|Any CPU
		{F9574766-8526-4ADD-8670-F43D505575F3}.Debug|x86.ActiveCfg = Debug|Any CPU
		{F9574766-8526-4ADD-8670-F43D505575F3}.Debug|x86.Build.0 = Debug|Any CPU
		{F9574766-8526-4ADD-8670-F43D505575F3}.Release|Any CPU.ActiveCfg = Release|Any CPU
		{F9574766-8526-4ADD-8670-F43D505575F3}.Release|Any CPU.Build.0 = Release|Any CPU
		{F9574766-8526-4ADD-8670-F43D505575F3}.Release|x64.ActiveCfg = Release|Any CPU
		{F9574766-8526-4ADD-8670-F43D505575F3}.Release|x64.Build.0 = Release|Any CPU
		{F9574766-8526-4ADD-8670-F43D505575F3}.Release|x86.ActiveCfg = Release|Any CPU
		{F9574766-8526-4ADD-8670-F43D505575F3}.Release|x86.Build.0 = Release|Any CPU
		{041E6DE4-46EC-4038-A054-0A810DA3DFE8}.Debug|Any CPU.ActiveCfg = Debug|Any CPU
		{041E6DE4-46EC-4038-A054-0A810DA3DFE8}.Debug|Any CPU.Build.0 = Debug|Any CPU
		{041E6DE4-46EC-4038-A054-0A810DA3DFE8}.Debug|x64.ActiveCfg = Debug|Any CPU
		{041E6DE4-46EC-4038-A054-0A810DA3DFE8}.Debug|x64.Build.0 = Debug|Any CPU
		{041E6DE4-46EC-4038-A054-0A810DA3DFE8}.Debug|x86.ActiveCfg = Debug|Any CPU
		{041E6DE4-46EC-4038-A054-0A810DA3DFE8}.Debug|x86.Build.0 = Debug|Any CPU
		{041E6DE4-46EC-4038-A054-0A810DA3DFE8}.Release|Any CPU.ActiveCfg = Release|Any CPU
		{041E6DE4-46EC-4038-A054-0A810DA3DFE8}.Release|Any CPU.Build.0 = Release|Any CPU
		{041E6DE4-46EC-4038-A054-0A810DA3DFE8}.Release|x64.ActiveCfg = Release|Any CPU
		{041E6DE4-46EC-4038-A054-0A810DA3DFE8}.Release|x64.Build.0 = Release|Any CPU
		{041E6DE4-46EC-4038-A054-0A810DA3DFE8}.Release|x86.ActiveCfg = Release|Any CPU
		{041E6DE4-46EC-4038-A054-0A810DA3DFE8}.Release|x86.Build.0 = Release|Any CPU
		{7C3874C1-15E5-4157-9930-C55C56016797}.Debug|Any CPU.ActiveCfg = Debug|Any CPU
		{7C3874C1-15E5-4157-9930-C55C56016797}.Debug|Any CPU.Build.0 = Debug|Any CPU
		{7C3874C1-15E5-4157-9930-C55C56016797}.Debug|x64.ActiveCfg = Debug|Any CPU
		{7C3874C1-15E5-4157-9930-C55C56016797}.Debug|x64.Build.0 = Debug|Any CPU
		{7C3874C1-15E5-4157-9930-C55C56016797}.Debug|x86.ActiveCfg = Debug|Any CPU
		{7C3874C1-15E5-4157-9930-C55C56016797}.Debug|x86.Build.0 = Debug|Any CPU
		{7C3874C1-15E5-4157-9930-C55C56016797}.Release|Any CPU.ActiveCfg = Release|Any CPU
		{7C3874C1-15E5-4157-9930-C55C56016797}.Release|Any CPU.Build.0 = Release|Any CPU
		{7C3874C1-15E5-4157-9930-C55C56016797}.Release|x64.ActiveCfg = Release|Any CPU
		{7C3874C1-15E5-4157-9930-C55C56016797}.Release|x64.Build.0 = Release|Any CPU
		{7C3874C1-15E5-4157-9930-C55C56016797}.Release|x86.ActiveCfg = Release|Any CPU
		{7C3874C1-15E5-4157-9930-C55C56016797}.Release|x86.Build.0 = Release|Any CPU
		{51B6B8C8-3F1D-4572-BF95-701B3A395BDC}.Debug|Any CPU.ActiveCfg = Debug|Any CPU
		{51B6B8C8-3F1D-4572-BF95-701B3A395BDC}.Debug|Any CPU.Build.0 = Debug|Any CPU
		{51B6B8C8-3F1D-4572-BF95-701B3A395BDC}.Debug|x64.ActiveCfg = Debug|Any CPU
		{51B6B8C8-3F1D-4572-BF95-701B3A395BDC}.Debug|x64.Build.0 = Debug|Any CPU
		{51B6B8C8-3F1D-4572-BF95-701B3A395BDC}.Debug|x86.ActiveCfg = Debug|Any CPU
		{51B6B8C8-3F1D-4572-BF95-701B3A395BDC}.Debug|x86.Build.0 = Debug|Any CPU
		{51B6B8C8-3F1D-4572-BF95-701B3A395BDC}.Release|Any CPU.ActiveCfg = Release|Any CPU
		{51B6B8C8-3F1D-4572-BF95-701B3A395BDC}.Release|Any CPU.Build.0 = Release|Any CPU
		{51B6B8C8-3F1D-4572-BF95-701B3A395BDC}.Release|x64.ActiveCfg = Release|Any CPU
		{51B6B8C8-3F1D-4572-BF95-701B3A395BDC}.Release|x64.Build.0 = Release|Any CPU
		{51B6B8C8-3F1D-4572-BF95-701B3A395BDC}.Release|x86.ActiveCfg = Release|Any CPU
		{51B6B8C8-3F1D-4572-BF95-701B3A395BDC}.Release|x86.Build.0 = Release|Any CPU
		{084A897B-C4E4-451A-ACBB-346FBA3CD639}.Debug|Any CPU.ActiveCfg = Debug|Any CPU
		{084A897B-C4E4-451A-ACBB-346FBA3CD639}.Debug|Any CPU.Build.0 = Debug|Any CPU
		{084A897B-C4E4-451A-ACBB-346FBA3CD639}.Debug|x64.ActiveCfg = Debug|Any CPU
		{084A897B-C4E4-451A-ACBB-346FBA3CD639}.Debug|x64.Build.0 = Debug|Any CPU
		{084A897B-C4E4-451A-ACBB-346FBA3CD639}.Debug|x86.ActiveCfg = Debug|Any CPU
		{084A897B-C4E4-451A-ACBB-346FBA3CD639}.Debug|x86.Build.0 = Debug|Any CPU
		{084A897B-C4E4-451A-ACBB-346FBA3CD639}.Release|Any CPU.ActiveCfg = Release|Any CPU
		{084A897B-C4E4-451A-ACBB-346FBA3CD639}.Release|Any CPU.Build.0 = Release|Any CPU
		{084A897B-C4E4-451A-ACBB-346FBA3CD639}.Release|x64.ActiveCfg = Release|Any CPU
		{084A897B-C4E4-451A-ACBB-346FBA3CD639}.Release|x64.Build.0 = Release|Any CPU
		{084A897B-C4E4-451A-ACBB-346FBA3CD639}.Release|x86.ActiveCfg = Release|Any CPU
		{084A897B-C4E4-451A-ACBB-346FBA3CD639}.Release|x86.Build.0 = Release|Any CPU
	EndGlobalSection
	GlobalSection(SolutionProperties) = preSolution
		HideSolutionNode = FALSE
	EndGlobalSection
	GlobalSection(NestedProjects) = preSolution
		{04D57F92-65EE-4F3B-9ACC-2D97E5162157} = {EA95EE9B-98D1-47DF-918E-9637F1621CAE}
		{5BA96496-5D7B-4C23-9072-BA5A03843183} = {B9E5D59C-1F02-4116-A375-6097539231A8}
		{D6EE7061-4488-4B59-9C91-0F2770766C57} = {1862980A-BFFE-4A1D-92EE-C894B99C4CD6}
		{1FE89247-4827-49B3-B0C5-5881C62871AA} = {1862980A-BFFE-4A1D-92EE-C894B99C4CD6}
		{46886F99-F280-413B-A48F-87238A7A80F6} = {9730F511-F456-4725-A342-1FA13A64805B}
		{588BF896-900C-4467-A537-C3BA86C611E1} = {9730F511-F456-4725-A342-1FA13A64805B}
		{804887A0-3D59-4146-8E82-3CBFC1DD8BFF} = {A4007108-EDC5-4342-9B2B-3326BD56A115}
		{008ABFFE-6B27-4AAE-A8B3-F00CBCEEB5F5} = {A4007108-EDC5-4342-9B2B-3326BD56A115}
		{B5E388F7-9E45-4E96-9AAF-2AD10E1D2DF3} = {008ABFFE-6B27-4AAE-A8B3-F00CBCEEB5F5}
		{44E39C45-E2F3-4673-BB4C-05295DB18F79} = {85F0F37D-1E44-4630-B55F-0C86CEE6E319}
		{842339E3-26D4-4CA1-922A-D0AB43FEDC52} = {85F0F37D-1E44-4630-B55F-0C86CEE6E319}
		{9CAE9B62-9219-4DA7-BEC5-2BE0D4F9CCD7} = {842339E3-26D4-4CA1-922A-D0AB43FEDC52}
		{ED3D4FF6-4F8E-4B10-AF7B-C5FBAFE07AA3} = {08D38FCF-E54B-4FE0-8A51-06F174DCFB13}
		{4E635A82-1711-4031-907D-00BC5D1E16AD} = {08D38FCF-E54B-4FE0-8A51-06F174DCFB13}
		{3BCE91C4-65DD-4417-9948-E89605AE830D} = {4E635A82-1711-4031-907D-00BC5D1E16AD}
		{BE343076-0656-4C6D-8F51-E579E30B8F84} = {CD4A9922-0D5B-4699-9DED-CF8756F68D1F}
		{A8E2CBA5-DFD2-4095-A805-AA889E1B71A9} = {CD4A9922-0D5B-4699-9DED-CF8756F68D1F}
		{3F0F4165-CF26-4934-8164-0C680ECC8604} = {A8E2CBA5-DFD2-4095-A805-AA889E1B71A9}
		{0FC6E53F-56F8-4301-84F1-BE1906E2A8F8} = {EF2D785D-F9E1-4460-9DF2-1EB5D9F1DB04}
		{9F474849-C0BE-428B-B0E7-556659665103} = {EF2D785D-F9E1-4460-9DF2-1EB5D9F1DB04}
		{DA686EF8-FB6C-4ECE-8967-3400733F743A} = {379ACE0C-3C20-45DA-8E3A-C15B7995B902}
		{199F6D98-8AE2-46D2-A03D-3A96256D13D3} = {0FC6E53F-56F8-4301-84F1-BE1906E2A8F8}
		{3708C523-5099-42AA-848B-1FF76BC0FA7C} = {BE343076-0656-4C6D-8F51-E579E30B8F84}
		{E59A80A7-5A06-4E56-95C1-6ED539478FEE} = {ED3D4FF6-4F8E-4B10-AF7B-C5FBAFE07AA3}
		{F77F8BC4-0067-4B7A-A32A-65DDA3A7259D} = {44E39C45-E2F3-4673-BB4C-05295DB18F79}
		{7EC206E2-BDE9-442D-8D18-B8E8F374666B} = {804887A0-3D59-4146-8E82-3CBFC1DD8BFF}
		{4206B2F0-DCFB-408F-BDC4-AE2ADFE398F9} = {46886F99-F280-413B-A48F-87238A7A80F6}
		{F9574766-8526-4ADD-8670-F43D505575F3} = {D6EE7061-4488-4B59-9C91-0F2770766C57}
		{041E6DE4-46EC-4038-A054-0A810DA3DFE8} = {5BA96496-5D7B-4C23-9072-BA5A03843183}
		{7C3874C1-15E5-4157-9930-C55C56016797} = {DA686EF8-FB6C-4ECE-8967-3400733F743A}
		{51B6B8C8-3F1D-4572-BF95-701B3A395BDC} = {04D57F92-65EE-4F3B-9ACC-2D97E5162157}
		{051A87AD-7A92-411C-A304-DD42D64EFB16} = {5373242C-5F6A-4C53-A066-92D07D0994FC}
		{084A897B-C4E4-451A-ACBB-346FBA3CD639} = {051A87AD-7A92-411C-A304-DD42D64EFB16}
	EndGlobalSection
	GlobalSection(ExtensibilityGlobals) = postSolution
		SolutionGuid = {A10183F0-3B46-4196-AC0A-89B853252130}
	EndGlobalSection
EndGlobal
